// !$*UTF8*$!
{
	archiveVersion = 1;
	classes = {
	};
	objectVersion = 50;
	objects = {

/* Begin PBXBuildFile section */
		41F353E2263926CF0029F325 /* AppDelegate.swift in Sources */ = {isa = PBXBuildFile; fileRef = 41F353E1263926CF0029F325 /* AppDelegate.swift */; };
		41F353E4263926CF0029F325 /* SceneDelegate.swift in Sources */ = {isa = PBXBuildFile; fileRef = 41F353E3263926CF0029F325 /* SceneDelegate.swift */; };
		41F353E6263926CF0029F325 /* ViewController.swift in Sources */ = {isa = PBXBuildFile; fileRef = 41F353E5263926CF0029F325 /* ViewController.swift */; };
		41F353E9263926CF0029F325 /* Main.storyboard in Resources */ = {isa = PBXBuildFile; fileRef = 41F353E7263926CF0029F325 /* Main.storyboard */; };
		41F353EB263926D70029F325 /* Assets.xcassets in Resources */ = {isa = PBXBuildFile; fileRef = 41F353EA263926D70029F325 /* Assets.xcassets */; };
		41F353EE263926D70029F325 /* LaunchScreen.storyboard in Resources */ = {isa = PBXBuildFile; fileRef = 41F353EC263926D70029F325 /* LaunchScreen.storyboard */; };
		E2481DDC25E613F397514738 /* Pods_PerfectBCryptDemo.framework in Frameworks */ = {isa = PBXBuildFile; fileRef = 2AB1D505DB37BD0F57FAD4C4 /* Pods_PerfectBCryptDemo.framework */; };
/* End PBXBuildFile section */

/* Begin PBXFileReference section */
		2AB1D505DB37BD0F57FAD4C4 /* Pods_PerfectBCryptDemo.framework */ = {isa = PBXFileReference; explicitFileType = wrapper.framework; includeInIndex = 0; path = Pods_PerfectBCryptDemo.framework; sourceTree = BUILT_PRODUCTS_DIR; };
		41F353DE263926CF0029F325 /* PerfectBCryptDemo.app */ = {isa = PBXFileReference; explicitFileType = wrapper.application; includeInIndex = 0; path = PerfectBCryptDemo.app; sourceTree = BUILT_PRODUCTS_DIR; };
		41F353E1263926CF0029F325 /* AppDelegate.swift */ = {isa = PBXFileReference; lastKnownFileType = sourcecode.swift; path = AppDelegate.swift; sourceTree = "<group>"; };
		41F353E3263926CF0029F325 /* SceneDelegate.swift */ = {isa = PBXFileReference; lastKnownFileType = sourcecode.swift; path = SceneDelegate.swift; sourceTree = "<group>"; };
		41F353E5263926CF0029F325 /* ViewController.swift */ = {isa = PBXFileReference; lastKnownFileType = sourcecode.swift; path = ViewController.swift; sourceTree = "<group>"; };
		41F353E8263926CF0029F325 /* Base */ = {isa = PBXFileReference; lastKnownFileType = file.storyboard; name = Base; path = Base.lproj/Main.storyboard; sourceTree = "<group>"; };
		41F353EA263926D70029F325 /* Assets.xcassets */ = {isa = PBXFileReference; lastKnownFileType = folder.assetcatalog; path = Assets.xcassets; sourceTree = "<group>"; };
		41F353ED263926D70029F325 /* Base */ = {isa = PBXFileReference; lastKnownFileType = file.storyboard; name = Base; path = Base.lproj/LaunchScreen.storyboard; sourceTree = "<group>"; };
		41F353EF263926D70029F325 /* Info.plist */ = {isa = PBXFileReference; lastKnownFileType = text.plist.xml; path = Info.plist; sourceTree = "<group>"; };
		56C20849F914F96B94B2E5EF /* Pods-PerfectBCryptDemo.release.xcconfig */ = {isa = PBXFileReference; includeInIndex = 1; lastKnownFileType = text.xcconfig; name = "Pods-PerfectBCryptDemo.release.xcconfig"; path = "Target Support Files/Pods-PerfectBCryptDemo/Pods-PerfectBCryptDemo.release.xcconfig"; sourceTree = "<group>"; };
		68BEC5ACE87792A18343E677 /* Pods-PerfectBCryptDemo.debug.xcconfig */ = {isa = PBXFileReference; includeInIndex = 1; lastKnownFileType = text.xcconfig; name = "Pods-PerfectBCryptDemo.debug.xcconfig"; path = "Target Support Files/Pods-PerfectBCryptDemo/Pods-PerfectBCryptDemo.debug.xcconfig"; sourceTree = "<group>"; };
/* End PBXFileReference section */

/* Begin PBXFrameworksBuildPhase section */
		41F353DB263926CF0029F325 /* Frameworks */ = {
			isa = PBXFrameworksBuildPhase;
			buildActionMask = 2147483647;
			files = (
				E2481DDC25E613F397514738 /* Pods_PerfectBCryptDemo.framework in Frameworks */,
			);
			runOnlyForDeploymentPostprocessing = 0;
		};
/* End PBXFrameworksBuildPhase section */

/* Begin PBXGroup section */
		41F353D5263926CF0029F325 = {
			isa = PBXGroup;
			children = (
				41F353E0263926CF0029F325 /* PerfectBCryptDemo */,
				41F353DF263926CF0029F325 /* Products */,
				FE6532F5498A5B2CD00596A0 /* Pods */,
				63B5F20C18025A00E490B5E5 /* Frameworks */,
			);
			sourceTree = "<group>";
		};
		41F353DF263926CF0029F325 /* Products */ = {
			isa = PBXGroup;
			children = (
				41F353DE263926CF0029F325 /* PerfectBCryptDemo.app */,
			);
			name = Products;
			sourceTree = "<group>";
		};
		41F353E0263926CF0029F325 /* PerfectBCryptDemo */ = {
			isa = PBXGroup;
			children = (
				41F353E1263926CF0029F325 /* AppDelegate.swift */,
				41F353E3263926CF0029F325 /* SceneDelegate.swift */,
				41F353E5263926CF0029F325 /* ViewController.swift */,
				41F353E7263926CF0029F325 /* Main.storyboard */,
				41F353EA263926D70029F325 /* Assets.xcassets */,
				41F353EC263926D70029F325 /* LaunchScreen.storyboard */,
				41F353EF263926D70029F325 /* Info.plist */,
			);
			path = PerfectBCryptDemo;
			sourceTree = "<group>";
		};
		63B5F20C18025A00E490B5E5 /* Frameworks */ = {
			isa = PBXGroup;
			children = (
				2AB1D505DB37BD0F57FAD4C4 /* Pods_PerfectBCryptDemo.framework */,
			);
			name = Frameworks;
			sourceTree = "<group>";
		};
		FE6532F5498A5B2CD00596A0 /* Pods */ = {
			isa = PBXGroup;
			children = (
				68BEC5ACE87792A18343E677 /* Pods-PerfectBCryptDemo.debug.xcconfig */,
				56C20849F914F96B94B2E5EF /* Pods-PerfectBCryptDemo.release.xcconfig */,
			);
			name = Pods;
			path = Pods;
			sourceTree = "<group>";
		};
/* End PBXGroup section */

/* Begin PBXNativeTarget section */
		41F353DD263926CF0029F325 /* PerfectBCryptDemo */ = {
			isa = PBXNativeTarget;
			buildConfigurationList = 41F353F2263926D70029F325 /* Build configuration list for PBXNativeTarget "PerfectBCryptDemo" */;
			buildPhases = (
				06E8AE2F8C23FA0A7E6736EE /* [CP] Check Pods Manifest.lock */,
				41F353DA263926CF0029F325 /* Sources */,
				41F353DB263926CF0029F325 /* Frameworks */,
				41F353DC263926CF0029F325 /* Resources */,
				2EC43C6A0CFC63E3A8B4C660 /* [CP] Embed Pods Frameworks */,
			);
			buildRules = (
			);
			dependencies = (
			);
			name = PerfectBCryptDemo;
			productName = PerfectBCryptDemo;
			productReference = 41F353DE263926CF0029F325 /* PerfectBCryptDemo.app */;
			productType = "com.apple.product-type.application";
		};
/* End PBXNativeTarget section */

/* Begin PBXProject section */
		41F353D6263926CF0029F325 /* Project object */ = {
			isa = PBXProject;
			attributes = {
				LastSwiftUpdateCheck = 1250;
				LastUpgradeCheck = 1250;
				TargetAttributes = {
					41F353DD263926CF0029F325 = {
						CreatedOnToolsVersion = 12.5;
					};
				};
			};
			buildConfigurationList = 41F353D9263926CF0029F325 /* Build configuration list for PBXProject "PerfectBCryptDemo" */;
			compatibilityVersion = "Xcode 9.3";
			developmentRegion = en;
			hasScannedForEncodings = 0;
			knownRegions = (
				en,
				Base,
			);
			mainGroup = 41F353D5263926CF0029F325;
			productRefGroup = 41F353DF263926CF0029F325 /* Products */;
			projectDirPath = "";
			projectRoot = "";
			targets = (
				41F353DD263926CF0029F325 /* PerfectBCryptDemo */,
			);
		};
/* End PBXProject section */

/* Begin PBXResourcesBuildPhase section */
		41F353DC263926CF0029F325 /* Resources */ = {
			isa = PBXResourcesBuildPhase;
			buildActionMask = 2147483647;
			files = (
				41F353EE263926D70029F325 /* LaunchScreen.storyboard in Resources */,
				41F353EB263926D70029F325 /* Assets.xcassets in Resources */,
				41F353E9263926CF0029F325 /* Main.storyboard in Resources */,
			);
			runOnlyForDeploymentPostprocessing = 0;
		};
/* End PBXResourcesBuildPhase section */

/* Begin PBXShellScriptBuildPhase section */
		06E8AE2F8C23FA0A7E6736EE /* [CP] Check Pods Manifest.lock */ = {
			isa = PBXShellScriptBuildPhase;
			buildActionMask = 2147483647;
			files = (
			);
			inputFileListPaths = (
			);
			inputPaths = (
				"${PODS_PODFILE_DIR_PATH}/Podfile.lock",
				"${PODS_ROOT}/Manifest.lock",
			);
			name = "[CP] Check Pods Manifest.lock";
			outputFileListPaths = (
			);
			outputPaths = (
				"$(DERIVED_FILE_DIR)/Pods-PerfectBCryptDemo-checkManifestLockResult.txt",
			);
			runOnlyForDeploymentPostprocessing = 0;
			shellPath = /bin/sh;
			shellScript = "diff \"${PODS_PODFILE_DIR_PATH}/Podfile.lock\" \"${PODS_ROOT}/Manifest.lock\" > /dev/null\nif [ $? != 0 ] ; then\n    # print error to STDERR\n    echo \"error: The sandbox is not in sync with the Podfile.lock. Run 'pod install' or update your CocoaPods installation.\" >&2\n    exit 1\nfi\n# This output is used by Xcode 'outputs' to avoid re-running this script phase.\necho \"SUCCESS\" > \"${SCRIPT_OUTPUT_FILE_0}\"\n";
			showEnvVarsInLog = 0;
		};
		2EC43C6A0CFC63E3A8B4C660 /* [CP] Embed Pods Frameworks */ = {
			isa = PBXShellScriptBuildPhase;
			buildActionMask = 2147483647;
			files = (
			);
			inputFileListPaths = (
				"${PODS_ROOT}/Target Support Files/Pods-PerfectBCryptDemo/Pods-PerfectBCryptDemo-frameworks-${CONFIGURATION}-input-files.xcfilelist",
			);
			name = "[CP] Embed Pods Frameworks";
			outputFileListPaths = (
				"${PODS_ROOT}/Target Support Files/Pods-PerfectBCryptDemo/Pods-PerfectBCryptDemo-frameworks-${CONFIGURATION}-output-files.xcfilelist",
			);
			runOnlyForDeploymentPostprocessing = 0;
			shellPath = /bin/sh;
			shellScript = "\"${PODS_ROOT}/Target Support Files/Pods-PerfectBCryptDemo/Pods-PerfectBCryptDemo-frameworks.sh\"\n";
			showEnvVarsInLog = 0;
		};
/* End PBXShellScriptBuildPhase section */

/* Begin PBXSourcesBuildPhase section */
		41F353DA263926CF0029F325 /* Sources */ = {
			isa = PBXSourcesBuildPhase;
			buildActionMask = 2147483647;
			files = (
				41F353E6263926CF0029F325 /* ViewController.swift in Sources */,
				41F353E2263926CF0029F325 /* AppDelegate.swift in Sources */,
				41F353E4263926CF0029F325 /* SceneDelegate.swift in Sources */,
			);
			runOnlyForDeploymentPostprocessing = 0;
		};
/* End PBXSourcesBuildPhase section */

/* Begin PBXVariantGroup section */
		41F353E7263926CF0029F325 /* Main.storyboard */ = {
			isa = PBXVariantGroup;
			children = (
				41F353E8263926CF0029F325 /* Base */,
			);
			name = Main.storyboard;
			sourceTree = "<group>";
		};
		41F353EC263926D70029F325 /* LaunchScreen.storyboard */ = {
			isa = PBXVariantGroup;
			children = (
				41F353ED263926D70029F325 /* Base */,
			);
			name = LaunchScreen.storyboard;
			sourceTree = "<group>";
		};
/* End PBXVariantGroup section */

/* Begin XCBuildConfiguration section */
		41F353F0263926D70029F325 /* Debug */ = {
			isa = XCBuildConfiguration;
			buildSettings = {
				ALWAYS_SEARCH_USER_PATHS = NO;
				CLANG_ANALYZER_NONNULL = YES;
				CLANG_ANALYZER_NUMBER_OBJECT_CONVERSION = YES_AGGRESSIVE;
				CLANG_CXX_LANGUAGE_STANDARD = "gnu++14";
				CLANG_CXX_LIBRARY = "libc++";
				CLANG_ENABLE_MODULES = YES;
				CLANG_ENABLE_OBJC_ARC = YES;
				CLANG_ENABLE_OBJC_WEAK = YES;
				CLANG_WARN_BLOCK_CAPTURE_AUTORELEASING = YES;
				CLANG_WARN_BOOL_CONVERSION = YES;
				CLANG_WARN_COMMA = YES;
				CLANG_WARN_CONSTANT_CONVERSION = YES;
				CLANG_WARN_DEPRECATED_OBJC_IMPLEMENTATIONS = YES;
				CLANG_WARN_DIRECT_OBJC_ISA_USAGE = YES_ERROR;
				CLANG_WARN_DOCUMENTATION_COMMENTS = YES;
				CLANG_WARN_EMPTY_BODY = YES;
				CLANG_WARN_ENUM_CONVERSION = YES;
				CLANG_WARN_INFINITE_RECURSION = YES;
				CLANG_WARN_INT_CONVERSION = YES;
				CLANG_WARN_NON_LITERAL_NULL_CONVERSION = YES;
				CLANG_WARN_OBJC_IMPLICIT_RETAIN_SELF = YES;
				CLANG_WARN_OBJC_LITERAL_CONVERSION = YES;
				CLANG_WARN_OBJC_ROOT_CLASS = YES_ERROR;
				CLANG_WARN_QUOTED_INCLUDE_IN_FRAMEWORK_HEADER = YES;
				CLANG_WARN_RANGE_LOOP_ANALYSIS = YES;
				CLANG_WARN_STRICT_PROTOTYPES = YES;
				CLANG_WARN_SUSPICIOUS_MOVE = YES;
				CLANG_WARN_UNGUARDED_AVAILABILITY = YES_AGGRESSIVE;
				CLANG_WARN_UNREACHABLE_CODE = YES;
				CLANG_WARN__DUPLICATE_METHOD_MATCH = YES;
				COPY_PHASE_STRIP = NO;
				DEBUG_INFORMATION_FORMAT = dwarf;
				ENABLE_STRICT_OBJC_MSGSEND = YES;
				ENABLE_TESTABILITY = YES;
				GCC_C_LANGUAGE_STANDARD = gnu11;
				GCC_DYNAMIC_NO_PIC = NO;
				GCC_NO_COMMON_BLOCKS = YES;
				GCC_OPTIMIZATION_LEVEL = 0;
				GCC_PREPROCESSOR_DEFINITIONS = (
					"DEBUG=1",
					"$(inherited)",
				);
				GCC_WARN_64_TO_32_BIT_CONVERSION = YES;
				GCC_WARN_ABOUT_RETURN_TYPE = YES_ERROR;
				GCC_WARN_UNDECLARED_SELECTOR = YES;
				GCC_WARN_UNINITIALIZED_AUTOS = YES_AGGRESSIVE;
				GCC_WARN_UNUSED_FUNCTION = YES;
				GCC_WARN_UNUSED_VARIABLE = YES;
				IPHONEOS_DEPLOYMENT_TARGET = 14.5;
				MTL_ENABLE_DEBUG_INFO = INCLUDE_SOURCE;
				MTL_FAST_MATH = YES;
				ONLY_ACTIVE_ARCH = YES;
				SDKROOT = iphoneos;
				SWIFT_ACTIVE_COMPILATION_CONDITIONS = DEBUG;
				SWIFT_OPTIMIZATION_LEVEL = "-Onone";
			};
			name = Debug;
		};
		41F353F1263926D70029F325 /* Release */ = {
			isa = XCBuildConfiguration;
			buildSettings = {
				ALWAYS_SEARCH_USER_PATHS = NO;
				CLANG_ANALYZER_NONNULL = YES;
				CLANG_ANALYZER_NUMBER_OBJECT_CONVERSION = YES_AGGRESSIVE;
				CLANG_CXX_LANGUAGE_STANDARD = "gnu++14";
				CLANG_CXX_LIBRARY = "libc++";
				CLANG_ENABLE_MODULES = YES;
				CLANG_ENABLE_OBJC_ARC = YES;
				CLANG_ENABLE_OBJC_WEAK = YES;
				CLANG_WARN_BLOCK_CAPTURE_AUTORELEASING = YES;
				CLANG_WARN_BOOL_CONVERSION = YES;
				CLANG_WARN_COMMA = YES;
				CLANG_WARN_CONSTANT_CONVERSION = YES;
				CLANG_WARN_DEPRECATED_OBJC_IMPLEMENTATIONS = YES;
				CLANG_WARN_DIRECT_OBJC_ISA_USAGE = YES_ERROR;
				CLANG_WARN_DOCUMENTATION_COMMENTS = YES;
				CLANG_WARN_EMPTY_BODY = YES;
				CLANG_WARN_ENUM_CONVERSION = YES;
				CLANG_WARN_INFINITE_RECURSION = YES;
				CLANG_WARN_INT_CONVERSION = YES;
				CLANG_WARN_NON_LITERAL_NULL_CONVERSION = YES;
				CLANG_WARN_OBJC_IMPLICIT_RETAIN_SELF = YES;
				CLANG_WARN_OBJC_LITERAL_CONVERSION = YES;
				CLANG_WARN_OBJC_ROOT_CLASS = YES_ERROR;
				CLANG_WARN_QUOTED_INCLUDE_IN_FRAMEWORK_HEADER = YES;
				CLANG_WARN_RANGE_LOOP_ANALYSIS = YES;
				CLANG_WARN_STRICT_PROTOTYPES = YES;
				CLANG_WARN_SUSPICIOUS_MOVE = YES;
				CLANG_WARN_UNGUARDED_AVAILABILITY = YES_AGGRESSIVE;
				CLANG_WARN_UNREACHABLE_CODE = YES;
				CLANG_WARN__DUPLICATE_METHOD_MATCH = YES;
				COPY_PHASE_STRIP = NO;
				DEBUG_INFORMATION_FORMAT = "dwarf-with-dsym";
				ENABLE_NS_ASSERTIONS = NO;
				ENABLE_STRICT_OBJC_MSGSEND = YES;
				GCC_C_LANGUAGE_STANDARD = gnu11;
				GCC_NO_COMMON_BLOCKS = YES;
				GCC_WARN_64_TO_32_BIT_CONVERSION = YES;
				GCC_WARN_ABOUT_RETURN_TYPE = YES_ERROR;
				GCC_WARN_UNDECLARED_SELECTOR = YES;
				GCC_WARN_UNINITIALIZED_AUTOS = YES_AGGRESSIVE;
				GCC_WARN_UNUSED_FUNCTION = YES;
				GCC_WARN_UNUSED_VARIABLE = YES;
				IPHONEOS_DEPLOYMENT_TARGET = 14.5;
				MTL_ENABLE_DEBUG_INFO = NO;
				MTL_FAST_MATH = YES;
				SDKROOT = iphoneos;
				SWIFT_COMPILATION_MODE = wholemodule;
				SWIFT_OPTIMIZATION_LEVEL = "-O";
				VALIDATE_PRODUCT = YES;
			};
			name = Release;
		};
		41F353F3263926D70029F325 /* Debug */ = {
			isa = XCBuildConfiguration;
			baseConfigurationReference = 68BEC5ACE87792A18343E677 /* Pods-PerfectBCryptDemo.debug.xcconfig */;
			buildSettings = {
				ASSETCATALOG_COMPILER_APPICON_NAME = AppIcon;
				ASSETCATALOG_COMPILER_GLOBAL_ACCENT_COLOR_NAME = AccentColor;
				CODE_SIGN_STYLE = Automatic;
				DEVELOPMENT_TEAM = PCCZJUYRT6;
				INFOPLIST_FILE = PerfectBCryptDemo/Info.plist;
				LD_RUNPATH_SEARCH_PATHS = (
					"$(inherited)",
					"@executable_path/Frameworks",
				);
				PRODUCT_BUNDLE_IDENTIFIER = com.kazua.PerfectBCryptDemo;
				PRODUCT_NAME = "$(TARGET_NAME)";
				SWIFT_VERSION = 5.0;
				TARGETED_DEVICE_FAMILY = "1,2";
			};
			name = Debug;
		};
		41F353F4263926D70029F325 /* Release */ = {
			isa = XCBuildConfiguration;
			baseConfigurationReference = 56C20849F914F96B94B2E5EF /* Pods-PerfectBCryptDemo.release.xcconfig */;
			buildSettings = {
				ASSETCATALOG_COMPILER_APPICON_NAME = AppIcon;
				ASSETCATALOG_COMPILER_GLOBAL_ACCENT_COLOR_NAME = AccentColor;
				CODE_SIGN_STYLE = Automatic;
				DEVELOPMENT_TEAM = PCCZJUYRT6;
				INFOPLIST_FILE = PerfectBCryptDemo/Info.plist;
				LD_RUNPATH_SEARCH_PATHS = (
					"$(inherited)",
					"@executable_path/Frameworks",
				);
				PRODUCT_BUNDLE_IDENTIFIER = com.kazua.PerfectBCryptDemo;
				PRODUCT_NAME = "$(TARGET_NAME)";
				SWIFT_VERSION = 5.0;
				TARGETED_DEVICE_FAMILY = "1,2";
			};
			name = Release;
		};
/* End XCBuildConfiguration section */

/* Begin XCConfigurationList section */
		41F353D9263926CF0029F325 /* Build configuration list for PBXProject "PerfectBCryptDemo" */ = {
			isa = XCConfigurationList;
			buildConfigurations = (
				41F353F0263926D70029F325 /* Debug */,
				41F353F1263926D70029F325 /* Release */,
			);
			defaultConfigurationIsVisible = 0;
			defaultConfigurationName = Release;
		};
		41F353F2263926D70029F325 /* Build configuration list for PBXNativeTarget "PerfectBCryptDemo" */ = {
			isa = XCConfigurationList;
			buildConfigurations = (
				41F353F3263926D70029F325 /* Debug */,
				41F353F4263926D70029F325 /* Release */,
			);
			defaultConfigurationIsVisible = 0;
			defaultConfigurationName = Release;
		};
/* End XCConfigurationList section */
	};
	rootObject = 41F353D6263926CF0029F325 /* Project object */;
}
